// !$*UTF8*$!
{
	archiveVersion = 1;
	classes = {
	};
	objectVersion = 55;
	objects = {

/* Begin PBXBuildFile section */
		5215F5DF284658AA0089DF85 /* PureLayout in Frameworks */ = {isa = PBXBuildFile; productRef = 5215F5DE284658AA0089DF85 /* PureLayout */; };
		5215F5E1284659060089DF85 /* SportsViewController.swift in Sources */ = {isa = PBXBuildFile; fileRef = 5215F5E0284659060089DF85 /* SportsViewController.swift */; };
		5215F5E32846596E0089DF85 /* FavoritesController.swift in Sources */ = {isa = PBXBuildFile; fileRef = 5215F5E22846596E0089DF85 /* FavoritesController.swift */; };
		5215F5E628465BDC0089DF85 /* SportsView.swift in Sources */ = {isa = PBXBuildFile; fileRef = 5215F5E528465BDC0089DF85 /* SportsView.swift */; };
		5215F5E828465CAD0089DF85 /* NoInternetConnectionView.swift in Sources */ = {isa = PBXBuildFile; fileRef = 5215F5E728465CAD0089DF85 /* NoInternetConnectionView.swift */; };
		5215F5EA28465DC40089DF85 /* Probni.swift in Sources */ = {isa = PBXBuildFile; fileRef = 5215F5E928465DC40089DF85 /* Probni.swift */; };
		5215F5EE284661B90089DF85 /* SportsRepository.swift in Sources */ = {isa = PBXBuildFile; fileRef = 5215F5ED284661B90089DF85 /* SportsRepository.swift */; };
		5215F5F0284661D50089DF85 /* SportsDatabaseDataSource.swift in Sources */ = {isa = PBXBuildFile; fileRef = 5215F5EF284661D50089DF85 /* SportsDatabaseDataSource.swift */; };
		5215F5F3284661F80089DF85 /* SportsNetworkDataSource.swift in Sources */ = {isa = PBXBuildFile; fileRef = 5215F5F2284661F80089DF85 /* SportsNetworkDataSource.swift */; };
		5215F5F5284662680089DF85 /* NetworkService.swift in Sources */ = {isa = PBXBuildFile; fileRef = 5215F5F4284662680089DF85 /* NetworkService.swift */; };
		5215F5F82846629F0089DF85 /* RequestError.swift in Sources */ = {isa = PBXBuildFile; fileRef = 5215F5F72846629F0089DF85 /* RequestError.swift */; };
		5215F5FA284662BB0089DF85 /* Result.swift in Sources */ = {isa = PBXBuildFile; fileRef = 5215F5F9284662BB0089DF85 /* Result.swift */; };
		5215F5FE28467EA30089DF85 /* SearchBarView.swift in Sources */ = {isa = PBXBuildFile; fileRef = 5215F5FD28467EA30089DF85 /* SearchBarView.swift */; };
		5215F6002846815D0089DF85 /* SearchSportsView.swift in Sources */ = {isa = PBXBuildFile; fileRef = 5215F5FF2846815D0089DF85 /* SearchSportsView.swift */; };
		5215F602284685390089DF85 /* FavoritesView.swift in Sources */ = {isa = PBXBuildFile; fileRef = 5215F601284685390089DF85 /* FavoritesView.swift */; };
		5257A8E52847A18700D7DA8E /* Structs.swift in Sources */ = {isa = PBXBuildFile; fileRef = 5257A8E42847A18700D7DA8E /* Structs.swift */; };
		526D7B5A284FC6BC0085F671 /* SportsViewCollectionCell.swift in Sources */ = {isa = PBXBuildFile; fileRef = 526D7B59284FC6BC0085F671 /* SportsViewCollectionCell.swift */; };
		52ACB99828508BAA00EE8A29 /* PersonViewCollectionCell.swift in Sources */ = {isa = PBXBuildFile; fileRef = 52ACB99728508BAA00EE8A29 /* PersonViewCollectionCell.swift */; };
		52ACB99D2850A72700EE8A29 /* Country+CoreDataClass.swift in Sources */ = {isa = PBXBuildFile; fileRef = 52ACB9992850A72700EE8A29 /* Country+CoreDataClass.swift */; };
		52ACB99E2850A72700EE8A29 /* Country+CoreDataProperties.swift in Sources */ = {isa = PBXBuildFile; fileRef = 52ACB99A2850A72700EE8A29 /* Country+CoreDataProperties.swift */; };
		52ACB99F2850A72700EE8A29 /* Player+CoreDataClass.swift in Sources */ = {isa = PBXBuildFile; fileRef = 52ACB99B2850A72700EE8A29 /* Player+CoreDataClass.swift */; };
		52ACB9A02850A72700EE8A29 /* Player+CoreDataProperties.swift in Sources */ = {isa = PBXBuildFile; fileRef = 52ACB99C2850A72700EE8A29 /* Player+CoreDataProperties.swift */; };
		52ACB9A22850AF4A00EE8A29 /* PlayerDetailsView.swift in Sources */ = {isa = PBXBuildFile; fileRef = 52ACB9A12850AF4A00EE8A29 /* PlayerDetailsView.swift */; };
		52ACB9A42850AF7A00EE8A29 /* PlayerDetailsViewController.swift in Sources */ = {isa = PBXBuildFile; fileRef = 52ACB9A32850AF7A00EE8A29 /* PlayerDetailsViewController.swift */; };
		52ACB9A92850F2FB00EE8A29 /* Overall+CoreDataClass.swift in Sources */ = {isa = PBXBuildFile; fileRef = 52ACB9A52850F2FB00EE8A29 /* Overall+CoreDataClass.swift */; };
		52ACB9AA2850F2FB00EE8A29 /* Overall+CoreDataProperties.swift in Sources */ = {isa = PBXBuildFile; fileRef = 52ACB9A62850F2FB00EE8A29 /* Overall+CoreDataProperties.swift */; };
		52ACB9AB2850F2FB00EE8A29 /* Standing+CoreDataClass.swift in Sources */ = {isa = PBXBuildFile; fileRef = 52ACB9A72850F2FB00EE8A29 /* Standing+CoreDataClass.swift */; };
		52ACB9AC2850F2FB00EE8A29 /* Standing+CoreDataProperties.swift in Sources */ = {isa = PBXBuildFile; fileRef = 52ACB9A82850F2FB00EE8A29 /* Standing+CoreDataProperties.swift */; };
		52F5FDC0284655F400B1E36D /* AppDelegate.swift in Sources */ = {isa = PBXBuildFile; fileRef = 52F5FDBF284655F400B1E36D /* AppDelegate.swift */; };
		52F5FDC2284655F400B1E36D /* SceneDelegate.swift in Sources */ = {isa = PBXBuildFile; fileRef = 52F5FDC1284655F400B1E36D /* SceneDelegate.swift */; };
		52F5FDCA284655F400B1E36D /* SportsApp.xcdatamodeld in Sources */ = {isa = PBXBuildFile; fileRef = 52F5FDC8284655F400B1E36D /* SportsApp.xcdatamodeld */; };
		52F5FDCC284655F800B1E36D /* Assets.xcassets in Resources */ = {isa = PBXBuildFile; fileRef = 52F5FDCB284655F800B1E36D /* Assets.xcassets */; };
		52F5FDCF284655F800B1E36D /* LaunchScreen.storyboard in Resources */ = {isa = PBXBuildFile; fileRef = 52F5FDCD284655F800B1E36D /* LaunchScreen.storyboard */; };
		52F5FDD82846583300B1E36D /* CustomTabBarController.swift in Sources */ = {isa = PBXBuildFile; fileRef = 52F5FDD72846583300B1E36D /* CustomTabBarController.swift */; };
/* End PBXBuildFile section */

/* Begin PBXFileReference section */
		5215F5E0284659060089DF85 /* SportsViewController.swift */ = {isa = PBXFileReference; lastKnownFileType = sourcecode.swift; path = SportsViewController.swift; sourceTree = "<group>"; };
		5215F5E22846596E0089DF85 /* FavoritesController.swift */ = {isa = PBXFileReference; lastKnownFileType = sourcecode.swift; path = FavoritesController.swift; sourceTree = "<group>"; };
		5215F5E528465BDC0089DF85 /* SportsView.swift */ = {isa = PBXFileReference; lastKnownFileType = sourcecode.swift; path = SportsView.swift; sourceTree = "<group>"; };
		5215F5E728465CAD0089DF85 /* NoInternetConnectionView.swift */ = {isa = PBXFileReference; lastKnownFileType = sourcecode.swift; path = NoInternetConnectionView.swift; sourceTree = "<group>"; };
		5215F5E928465DC40089DF85 /* Probni.swift */ = {isa = PBXFileReference; lastKnownFileType = sourcecode.swift; path = Probni.swift; sourceTree = "<group>"; };
		5215F5ED284661B90089DF85 /* SportsRepository.swift */ = {isa = PBXFileReference; lastKnownFileType = sourcecode.swift; path = SportsRepository.swift; sourceTree = "<group>"; };
		5215F5EF284661D50089DF85 /* SportsDatabaseDataSource.swift */ = {isa = PBXFileReference; lastKnownFileType = sourcecode.swift; path = SportsDatabaseDataSource.swift; sourceTree = "<group>"; };
		5215F5F2284661F80089DF85 /* SportsNetworkDataSource.swift */ = {isa = PBXFileReference; lastKnownFileType = sourcecode.swift; path = SportsNetworkDataSource.swift; sourceTree = "<group>"; };
		5215F5F4284662680089DF85 /* NetworkService.swift */ = {isa = PBXFileReference; lastKnownFileType = sourcecode.swift; path = NetworkService.swift; sourceTree = "<group>"; };
		5215F5F72846629F0089DF85 /* RequestError.swift */ = {isa = PBXFileReference; lastKnownFileType = sourcecode.swift; path = RequestError.swift; sourceTree = "<group>"; };
		5215F5F9284662BB0089DF85 /* Result.swift */ = {isa = PBXFileReference; lastKnownFileType = sourcecode.swift; path = Result.swift; sourceTree = "<group>"; };
		5215F5FD28467EA30089DF85 /* SearchBarView.swift */ = {isa = PBXFileReference; lastKnownFileType = sourcecode.swift; path = SearchBarView.swift; sourceTree = "<group>"; };
		5215F5FF2846815D0089DF85 /* SearchSportsView.swift */ = {isa = PBXFileReference; lastKnownFileType = sourcecode.swift; path = SearchSportsView.swift; sourceTree = "<group>"; };
		5215F601284685390089DF85 /* FavoritesView.swift */ = {isa = PBXFileReference; lastKnownFileType = sourcecode.swift; path = FavoritesView.swift; sourceTree = "<group>"; };
		5257A8E42847A18700D7DA8E /* Structs.swift */ = {isa = PBXFileReference; lastKnownFileType = sourcecode.swift; path = Structs.swift; sourceTree = "<group>"; };
		526D7B59284FC6BC0085F671 /* SportsViewCollectionCell.swift */ = {isa = PBXFileReference; lastKnownFileType = sourcecode.swift; path = SportsViewCollectionCell.swift; sourceTree = "<group>"; };
		52ACB99728508BAA00EE8A29 /* PersonViewCollectionCell.swift */ = {isa = PBXFileReference; lastKnownFileType = sourcecode.swift; path = PersonViewCollectionCell.swift; sourceTree = "<group>"; };
		52ACB9992850A72700EE8A29 /* Country+CoreDataClass.swift */ = {isa = PBXFileReference; lastKnownFileType = sourcecode.swift; path = "Country+CoreDataClass.swift"; sourceTree = "<group>"; };
		52ACB99A2850A72700EE8A29 /* Country+CoreDataProperties.swift */ = {isa = PBXFileReference; lastKnownFileType = sourcecode.swift; path = "Country+CoreDataProperties.swift"; sourceTree = "<group>"; };
		52ACB99B2850A72700EE8A29 /* Player+CoreDataClass.swift */ = {isa = PBXFileReference; lastKnownFileType = sourcecode.swift; path = "Player+CoreDataClass.swift"; sourceTree = "<group>"; };
		52ACB99C2850A72700EE8A29 /* Player+CoreDataProperties.swift */ = {isa = PBXFileReference; lastKnownFileType = sourcecode.swift; path = "Player+CoreDataProperties.swift"; sourceTree = "<group>"; };
		52ACB9A12850AF4A00EE8A29 /* PlayerDetailsView.swift */ = {isa = PBXFileReference; lastKnownFileType = sourcecode.swift; path = PlayerDetailsView.swift; sourceTree = "<group>"; };
		52ACB9A32850AF7A00EE8A29 /* PlayerDetailsViewController.swift */ = {isa = PBXFileReference; lastKnownFileType = sourcecode.swift; path = PlayerDetailsViewController.swift; sourceTree = "<group>"; };
		52ACB9A52850F2FB00EE8A29 /* Overall+CoreDataClass.swift */ = {isa = PBXFileReference; lastKnownFileType = sourcecode.swift; path = "Overall+CoreDataClass.swift"; sourceTree = "<group>"; };
		52ACB9A62850F2FB00EE8A29 /* Overall+CoreDataProperties.swift */ = {isa = PBXFileReference; lastKnownFileType = sourcecode.swift; path = "Overall+CoreDataProperties.swift"; sourceTree = "<group>"; };
		52ACB9A72850F2FB00EE8A29 /* Standing+CoreDataClass.swift */ = {isa = PBXFileReference; lastKnownFileType = sourcecode.swift; path = "Standing+CoreDataClass.swift"; sourceTree = "<group>"; };
		52ACB9A82850F2FB00EE8A29 /* Standing+CoreDataProperties.swift */ = {isa = PBXFileReference; lastKnownFileType = sourcecode.swift; path = "Standing+CoreDataProperties.swift"; sourceTree = "<group>"; };
		52F5FDBC284655F400B1E36D /* SportsApp.app */ = {isa = PBXFileReference; explicitFileType = wrapper.application; includeInIndex = 0; path = SportsApp.app; sourceTree = BUILT_PRODUCTS_DIR; };
		52F5FDBF284655F400B1E36D /* AppDelegate.swift */ = {isa = PBXFileReference; lastKnownFileType = sourcecode.swift; path = AppDelegate.swift; sourceTree = "<group>"; };
		52F5FDC1284655F400B1E36D /* SceneDelegate.swift */ = {isa = PBXFileReference; lastKnownFileType = sourcecode.swift; path = SceneDelegate.swift; sourceTree = "<group>"; };
		52F5FDC9284655F400B1E36D /* SportsApp.xcdatamodel */ = {isa = PBXFileReference; lastKnownFileType = wrapper.xcdatamodel; path = SportsApp.xcdatamodel; sourceTree = "<group>"; };
		52F5FDCB284655F800B1E36D /* Assets.xcassets */ = {isa = PBXFileReference; lastKnownFileType = folder.assetcatalog; path = Assets.xcassets; sourceTree = "<group>"; };
		52F5FDCE284655F800B1E36D /* Base */ = {isa = PBXFileReference; lastKnownFileType = file.storyboard; name = Base; path = Base.lproj/LaunchScreen.storyboard; sourceTree = "<group>"; };
		52F5FDD0284655F800B1E36D /* Info.plist */ = {isa = PBXFileReference; lastKnownFileType = text.plist.xml; path = Info.plist; sourceTree = "<group>"; };
		52F5FDD72846583300B1E36D /* CustomTabBarController.swift */ = {isa = PBXFileReference; lastKnownFileType = sourcecode.swift; path = CustomTabBarController.swift; sourceTree = "<group>"; };
/* End PBXFileReference section */

/* Begin PBXFrameworksBuildPhase section */
		52F5FDB9284655F400B1E36D /* Frameworks */ = {
			isa = PBXFrameworksBuildPhase;
			buildActionMask = 2147483647;
			files = (
				5215F5DF284658AA0089DF85 /* PureLayout in Frameworks */,
			);
			runOnlyForDeploymentPostprocessing = 0;
		};
/* End PBXFrameworksBuildPhase section */

/* Begin PBXGroup section */
		5215F5E428465BC70089DF85 /* Views */ = {
			isa = PBXGroup;
			children = (
				5215F5E528465BDC0089DF85 /* SportsView.swift */,
				5215F5E728465CAD0089DF85 /* NoInternetConnectionView.swift */,
				5215F5FD28467EA30089DF85 /* SearchBarView.swift */,
				5215F5FF2846815D0089DF85 /* SearchSportsView.swift */,
				5215F601284685390089DF85 /* FavoritesView.swift */,
				526D7B59284FC6BC0085F671 /* SportsViewCollectionCell.swift */,
				52ACB99728508BAA00EE8A29 /* PersonViewCollectionCell.swift */,
				52ACB9A12850AF4A00EE8A29 /* PlayerDetailsView.swift */,
			);
			path = Views;
			sourceTree = "<group>";
		};
		5215F5EB284661900089DF85 /* DataSaving */ = {
			isa = PBXGroup;
			children = (
				5215F5ED284661B90089DF85 /* SportsRepository.swift */,
				5215F5EF284661D50089DF85 /* SportsDatabaseDataSource.swift */,
				5215F5F2284661F80089DF85 /* SportsNetworkDataSource.swift */,
			);
			path = DataSaving;
			sourceTree = "<group>";
		};
		5215F5F62846627E0089DF85 /* Network */ = {
			isa = PBXGroup;
			children = (
				5215F5F4284662680089DF85 /* NetworkService.swift */,
				5215F5F72846629F0089DF85 /* RequestError.swift */,
				5215F5F9284662BB0089DF85 /* Result.swift */,
			);
			path = Network;
			sourceTree = "<group>";
		};
		52F5FDB3284655F400B1E36D = {
			isa = PBXGroup;
			children = (
				52ACB9A52850F2FB00EE8A29 /* Overall+CoreDataClass.swift */,
				52ACB9A62850F2FB00EE8A29 /* Overall+CoreDataProperties.swift */,
				52ACB9A72850F2FB00EE8A29 /* Standing+CoreDataClass.swift */,
				52ACB9A82850F2FB00EE8A29 /* Standing+CoreDataProperties.swift */,
				52ACB9992850A72700EE8A29 /* Country+CoreDataClass.swift */,
				52ACB99A2850A72700EE8A29 /* Country+CoreDataProperties.swift */,
				52ACB99B2850A72700EE8A29 /* Player+CoreDataClass.swift */,
				52ACB99C2850A72700EE8A29 /* Player+CoreDataProperties.swift */,
				52F5FDBE284655F400B1E36D /* SportsApp */,
				52F5FDBD284655F400B1E36D /* Products */,
			);
			sourceTree = "<group>";
		};
		52F5FDBD284655F400B1E36D /* Products */ = {
			isa = PBXGroup;
			children = (
				52F5FDBC284655F400B1E36D /* SportsApp.app */,
			);
			name = Products;
			sourceTree = "<group>";
		};
		52F5FDBE284655F400B1E36D /* SportsApp */ = {
			isa = PBXGroup;
			children = (
				52F5FDBF284655F400B1E36D /* AppDelegate.swift */,
				52F5FDC1284655F400B1E36D /* SceneDelegate.swift */,
				5257A8E42847A18700D7DA8E /* Structs.swift */,
				52F5FDD6284657FA00B1E36D /* ViewControllers */,
				5215F5E428465BC70089DF85 /* Views */,
				5215F5EB284661900089DF85 /* DataSaving */,
				5215F5F62846627E0089DF85 /* Network */,
				52F5FDCB284655F800B1E36D /* Assets.xcassets */,
				52F5FDCD284655F800B1E36D /* LaunchScreen.storyboard */,
				52F5FDD0284655F800B1E36D /* Info.plist */,
				52F5FDC8284655F400B1E36D /* SportsApp.xcdatamodeld */,
			);
			path = SportsApp;
			sourceTree = "<group>";
		};
		52F5FDD6284657FA00B1E36D /* ViewControllers */ = {
			isa = PBXGroup;
			children = (
				52F5FDD72846583300B1E36D /* CustomTabBarController.swift */,
				5215F5E0284659060089DF85 /* SportsViewController.swift */,
				5215F5E22846596E0089DF85 /* FavoritesController.swift */,
				5215F5E928465DC40089DF85 /* Probni.swift */,
				52ACB9A32850AF7A00EE8A29 /* PlayerDetailsViewController.swift */,
			);
			path = ViewControllers;
			sourceTree = "<group>";
		};
/* End PBXGroup section */

/* Begin PBXNativeTarget section */
		52F5FDBB284655F400B1E36D /* SportsApp */ = {
			isa = PBXNativeTarget;
			buildConfigurationList = 52F5FDD3284655F800B1E36D /* Build configuration list for PBXNativeTarget "SportsApp" */;
			buildPhases = (
				52F5FDB8284655F400B1E36D /* Sources */,
				52F5FDB9284655F400B1E36D /* Frameworks */,
				52F5FDBA284655F400B1E36D /* Resources */,
			);
			buildRules = (
			);
			dependencies = (
			);
			name = SportsApp;
			packageProductDependencies = (
				5215F5DE284658AA0089DF85 /* PureLayout */,
			);
			productName = SportsApp;
			productReference = 52F5FDBC284655F400B1E36D /* SportsApp.app */;
			productType = "com.apple.product-type.application";
		};
/* End PBXNativeTarget section */

/* Begin PBXProject section */
		52F5FDB4284655F400B1E36D /* Project object */ = {
			isa = PBXProject;
			attributes = {
				BuildIndependentTargetsInParallel = 1;
				LastSwiftUpdateCheck = 1340;
				LastUpgradeCheck = 1340;
				TargetAttributes = {
					52F5FDBB284655F400B1E36D = {
						CreatedOnToolsVersion = 13.4;
					};
				};
			};
			buildConfigurationList = 52F5FDB7284655F400B1E36D /* Build configuration list for PBXProject "SportsApp" */;
			compatibilityVersion = "Xcode 13.0";
			developmentRegion = en;
			hasScannedForEncodings = 0;
			knownRegions = (
				en,
				Base,
			);
			mainGroup = 52F5FDB3284655F400B1E36D;
			packageReferences = (
				5215F5DD284658AA0089DF85 /* XCRemoteSwiftPackageReference "PureLayout" */,
			);
			productRefGroup = 52F5FDBD284655F400B1E36D /* Products */;
			projectDirPath = "";
			projectRoot = "";
			targets = (
				52F5FDBB284655F400B1E36D /* SportsApp */,
			);
		};
/* End PBXProject section */

/* Begin PBXResourcesBuildPhase section */
		52F5FDBA284655F400B1E36D /* Resources */ = {
			isa = PBXResourcesBuildPhase;
			buildActionMask = 2147483647;
			files = (
				52F5FDCF284655F800B1E36D /* LaunchScreen.storyboard in Resources */,
				52F5FDCC284655F800B1E36D /* Assets.xcassets in Resources */,
			);
			runOnlyForDeploymentPostprocessing = 0;
		};
/* End PBXResourcesBuildPhase section */

/* Begin PBXSourcesBuildPhase section */
		52F5FDB8284655F400B1E36D /* Sources */ = {
			isa = PBXSourcesBuildPhase;
			buildActionMask = 2147483647;
			files = (
				5215F5F82846629F0089DF85 /* RequestError.swift in Sources */,
				52ACB99828508BAA00EE8A29 /* PersonViewCollectionCell.swift in Sources */,
				52F5FDC0284655F400B1E36D /* AppDelegate.swift in Sources */,
				52ACB9A92850F2FB00EE8A29 /* Overall+CoreDataClass.swift in Sources */,
				5215F5F0284661D50089DF85 /* SportsDatabaseDataSource.swift in Sources */,
				52ACB99D2850A72700EE8A29 /* Country+CoreDataClass.swift in Sources */,
				52ACB9A42850AF7A00EE8A29 /* PlayerDetailsViewController.swift in Sources */,
				52ACB9AC2850F2FB00EE8A29 /* Standing+CoreDataProperties.swift in Sources */,
				5215F5EA28465DC40089DF85 /* Probni.swift in Sources */,
				52ACB99F2850A72700EE8A29 /* Player+CoreDataClass.swift in Sources */,
				5215F5EE284661B90089DF85 /* SportsRepository.swift in Sources */,
				5215F5F3284661F80089DF85 /* SportsNetworkDataSource.swift in Sources */,
				5215F5FA284662BB0089DF85 /* Result.swift in Sources */,
				5215F5E628465BDC0089DF85 /* SportsView.swift in Sources */,
				5215F602284685390089DF85 /* FavoritesView.swift in Sources */,
				5215F5E828465CAD0089DF85 /* NoInternetConnectionView.swift in Sources */,
				52F5FDCA284655F400B1E36D /* SportsApp.xcdatamodeld in Sources */,
				52ACB9A22850AF4A00EE8A29 /* PlayerDetailsView.swift in Sources */,
				5257A8E52847A18700D7DA8E /* Structs.swift in Sources */,
				5215F5E1284659060089DF85 /* SportsViewController.swift in Sources */,
				52ACB9AB2850F2FB00EE8A29 /* Standing+CoreDataClass.swift in Sources */,
				52F5FDD82846583300B1E36D /* CustomTabBarController.swift in Sources */,
				52F5FDC2284655F400B1E36D /* SceneDelegate.swift in Sources */,
				526D7B5A284FC6BC0085F671 /* SportsViewCollectionCell.swift in Sources */,
				5215F5F5284662680089DF85 /* NetworkService.swift in Sources */,
				5215F6002846815D0089DF85 /* SearchSportsView.swift in Sources */,
				52ACB9A02850A72700EE8A29 /* Player+CoreDataProperties.swift in Sources */,
				52ACB9AA2850F2FB00EE8A29 /* Overall+CoreDataProperties.swift in Sources */,
				5215F5FE28467EA30089DF85 /* SearchBarView.swift in Sources */,
				5215F5E32846596E0089DF85 /* FavoritesController.swift in Sources */,
				52ACB99E2850A72700EE8A29 /* Country+CoreDataProperties.swift in Sources */,
			);
			runOnlyForDeploymentPostprocessing = 0;
		};
/* End PBXSourcesBuildPhase section */

/* Begin PBXVariantGroup section */
		52F5FDCD284655F800B1E36D /* LaunchScreen.storyboard */ = {
			isa = PBXVariantGroup;
			children = (
				52F5FDCE284655F800B1E36D /* Base */,
			);
			name = LaunchScreen.storyboard;
			sourceTree = "<group>";
		};
/* End PBXVariantGroup section */

/* Begin XCBuildConfiguration section */
		52F5FDD1284655F800B1E36D /* Debug */ = {
			isa = XCBuildConfiguration;
			buildSettings = {
				ALWAYS_SEARCH_USER_PATHS = NO;
				CLANG_ANALYZER_NONNULL = YES;
				CLANG_ANALYZER_NUMBER_OBJECT_CONVERSION = YES_AGGRESSIVE;
				CLANG_CXX_LANGUAGE_STANDARD = "gnu++17";
				CLANG_ENABLE_MODULES = YES;
				CLANG_ENABLE_OBJC_ARC = YES;
				CLANG_ENABLE_OBJC_WEAK = YES;
				CLANG_WARN_BLOCK_CAPTURE_AUTORELEASING = YES;
				CLANG_WARN_BOOL_CONVERSION = YES;
				CLANG_WARN_COMMA = YES;
				CLANG_WARN_CONSTANT_CONVERSION = YES;
				CLANG_WARN_DEPRECATED_OBJC_IMPLEMENTATIONS = YES;
				CLANG_WARN_DIRECT_OBJC_ISA_USAGE = YES_ERROR;
				CLANG_WARN_DOCUMENTATION_COMMENTS = YES;
				CLANG_WARN_EMPTY_BODY = YES;
				CLANG_WARN_ENUM_CONVERSION = YES;
				CLANG_WARN_INFINITE_RECURSION = YES;
				CLANG_WARN_INT_CONVERSION = YES;
				CLANG_WARN_NON_LITERAL_NULL_CONVERSION = YES;
				CLANG_WARN_OBJC_IMPLICIT_RETAIN_SELF = YES;
				CLANG_WARN_OBJC_LITERAL_CONVERSION = YES;
				CLANG_WARN_OBJC_ROOT_CLASS = YES_ERROR;
				CLANG_WARN_QUOTED_INCLUDE_IN_FRAMEWORK_HEADER = YES;
				CLANG_WARN_RANGE_LOOP_ANALYSIS = YES;
				CLANG_WARN_STRICT_PROTOTYPES = YES;
				CLANG_WARN_SUSPICIOUS_MOVE = YES;
				CLANG_WARN_UNGUARDED_AVAILABILITY = YES_AGGRESSIVE;
				CLANG_WARN_UNREACHABLE_CODE = YES;
				CLANG_WARN__DUPLICATE_METHOD_MATCH = YES;
				COPY_PHASE_STRIP = NO;
				DEBUG_INFORMATION_FORMAT = dwarf;
				ENABLE_STRICT_OBJC_MSGSEND = YES;
				ENABLE_TESTABILITY = YES;
				GCC_C_LANGUAGE_STANDARD = gnu11;
				GCC_DYNAMIC_NO_PIC = NO;
				GCC_NO_COMMON_BLOCKS = YES;
				GCC_OPTIMIZATION_LEVEL = 0;
				GCC_PREPROCESSOR_DEFINITIONS = (
					"DEBUG=1",
					"$(inherited)",
				);
				GCC_WARN_64_TO_32_BIT_CONVERSION = YES;
				GCC_WARN_ABOUT_RETURN_TYPE = YES_ERROR;
				GCC_WARN_UNDECLARED_SELECTOR = YES;
				GCC_WARN_UNINITIALIZED_AUTOS = YES_AGGRESSIVE;
				GCC_WARN_UNUSED_FUNCTION = YES;
				GCC_WARN_UNUSED_VARIABLE = YES;
				IPHONEOS_DEPLOYMENT_TARGET = 15.5;
				MTL_ENABLE_DEBUG_INFO = INCLUDE_SOURCE;
				MTL_FAST_MATH = YES;
				ONLY_ACTIVE_ARCH = YES;
				SDKROOT = iphoneos;
				SWIFT_ACTIVE_COMPILATION_CONDITIONS = DEBUG;
				SWIFT_OPTIMIZATION_LEVEL = "-Onone";
			};
			name = Debug;
		};
		52F5FDD2284655F800B1E36D /* Release */ = {
			isa = XCBuildConfiguration;
			buildSettings = {
				ALWAYS_SEARCH_USER_PATHS = NO;
				CLANG_ANALYZER_NONNULL = YES;
				CLANG_ANALYZER_NUMBER_OBJECT_CONVERSION = YES_AGGRESSIVE;
				CLANG_CXX_LANGUAGE_STANDARD = "gnu++17";
				CLANG_ENABLE_MODULES = YES;
				CLANG_ENABLE_OBJC_ARC = YES;
				CLANG_ENABLE_OBJC_WEAK = YES;
				CLANG_WARN_BLOCK_CAPTURE_AUTORELEASING = YES;
				CLANG_WARN_BOOL_CONVERSION = YES;
				CLANG_WARN_COMMA = YES;
				CLANG_WARN_CONSTANT_CONVERSION = YES;
				CLANG_WARN_DEPRECATED_OBJC_IMPLEMENTATIONS = YES;
				CLANG_WARN_DIRECT_OBJC_ISA_USAGE = YES_ERROR;
				CLANG_WARN_DOCUMENTATION_COMMENTS = YES;
				CLANG_WARN_EMPTY_BODY = YES;
				CLANG_WARN_ENUM_CONVERSION = YES;
				CLANG_WARN_INFINITE_RECURSION = YES;
				CLANG_WARN_INT_CONVERSION = YES;
				CLANG_WARN_NON_LITERAL_NULL_CONVERSION = YES;
				CLANG_WARN_OBJC_IMPLICIT_RETAIN_SELF = YES;
				CLANG_WARN_OBJC_LITERAL_CONVERSION = YES;
				CLANG_WARN_OBJC_ROOT_CLASS = YES_ERROR;
				CLANG_WARN_QUOTED_INCLUDE_IN_FRAMEWORK_HEADER = YES;
				CLANG_WARN_RANGE_LOOP_ANALYSIS = YES;
				CLANG_WARN_STRICT_PROTOTYPES = YES;
				CLANG_WARN_SUSPICIOUS_MOVE = YES;
				CLANG_WARN_UNGUARDED_AVAILABILITY = YES_AGGRESSIVE;
				CLANG_WARN_UNREACHABLE_CODE = YES;
				CLANG_WARN__DUPLICATE_METHOD_MATCH = YES;
				COPY_PHASE_STRIP = NO;
				DEBUG_INFORMATION_FORMAT = "dwarf-with-dsym";
				ENABLE_NS_ASSERTIONS = NO;
				ENABLE_STRICT_OBJC_MSGSEND = YES;
				GCC_C_LANGUAGE_STANDARD = gnu11;
				GCC_NO_COMMON_BLOCKS = YES;
				GCC_WARN_64_TO_32_BIT_CONVERSION = YES;
				GCC_WARN_ABOUT_RETURN_TYPE = YES_ERROR;
				GCC_WARN_UNDECLARED_SELECTOR = YES;
				GCC_WARN_UNINITIALIZED_AUTOS = YES_AGGRESSIVE;
				GCC_WARN_UNUSED_FUNCTION = YES;
				GCC_WARN_UNUSED_VARIABLE = YES;
				IPHONEOS_DEPLOYMENT_TARGET = 15.5;
				MTL_ENABLE_DEBUG_INFO = NO;
				MTL_FAST_MATH = YES;
				SDKROOT = iphoneos;
				SWIFT_COMPILATION_MODE = wholemodule;
				SWIFT_OPTIMIZATION_LEVEL = "-O";
				VALIDATE_PRODUCT = YES;
			};
			name = Release;
		};
		52F5FDD4284655F800B1E36D /* Debug */ = {
			isa = XCBuildConfiguration;
			buildSettings = {
				ASSETCATALOG_COMPILER_APPICON_NAME = AppIcon;
				ASSETCATALOG_COMPILER_GLOBAL_ACCENT_COLOR_NAME = AccentColor;
				CODE_SIGN_STYLE = Automatic;
				CURRENT_PROJECT_VERSION = 1;
				GENERATE_INFOPLIST_FILE = YES;
				INFOPLIST_FILE = SportsApp/Info.plist;
				INFOPLIST_KEY_UIApplicationSupportsIndirectInputEvents = YES;
				INFOPLIST_KEY_UILaunchStoryboardName = LaunchScreen;
				INFOPLIST_KEY_UISupportedInterfaceOrientations_iPad = "UIInterfaceOrientationPortrait UIInterfaceOrientationPortraitUpsideDown UIInterfaceOrientationLandscapeLeft UIInterfaceOrientationLandscapeRight";
				INFOPLIST_KEY_UISupportedInterfaceOrientations_iPhone = "UIInterfaceOrientationPortrait UIInterfaceOrientationLandscapeLeft UIInterfaceOrientationLandscapeRight";
				LD_RUNPATH_SEARCH_PATHS = (
					"$(inherited)",
					"@executable_path/Frameworks",
				);
				MARKETING_VERSION = 1.0;
				PRODUCT_BUNDLE_IDENTIFIER = hr.fer.jukic.tin.SportsApp;
				PRODUCT_NAME = "$(TARGET_NAME)";
				SWIFT_EMIT_LOC_STRINGS = YES;
				SWIFT_VERSION = 5.0;
				TARGETED_DEVICE_FAMILY = "1,2";
			};
			name = Debug;
		};
		52F5FDD5284655F800B1E36D /* Release */ = {
			isa = XCBuildConfiguration;
			buildSettings = {
				ASSETCATALOG_COMPILER_APPICON_NAME = AppIcon;
				ASSETCATALOG_COMPILER_GLOBAL_ACCENT_COLOR_NAME = AccentColor;
				CODE_SIGN_STYLE = Automatic;
				CURRENT_PROJECT_VERSION = 1;
				GENERATE_INFOPLIST_FILE = YES;
				INFOPLIST_FILE = SportsApp/Info.plist;
				INFOPLIST_KEY_UIApplicationSupportsIndirectInputEvents = YES;
				INFOPLIST_KEY_UILaunchStoryboardName = LaunchScreen;
				INFOPLIST_KEY_UISupportedInterfaceOrientations_iPad = "UIInterfaceOrientationPortrait UIInterfaceOrientationPortraitUpsideDown UIInterfaceOrientationLandscapeLeft UIInterfaceOrientationLandscapeRight";
				INFOPLIST_KEY_UISupportedInterfaceOrientations_iPhone = "UIInterfaceOrientationPortrait UIInterfaceOrientationLandscapeLeft UIInterfaceOrientationLandscapeRight";
				LD_RUNPATH_SEARCH_PATHS = (
					"$(inherited)",
					"@executable_path/Frameworks",
				);
				MARKETING_VERSION = 1.0;
				PRODUCT_BUNDLE_IDENTIFIER = hr.fer.jukic.tin.SportsApp;
				PRODUCT_NAME = "$(TARGET_NAME)";
				SWIFT_EMIT_LOC_STRINGS = YES;
				SWIFT_VERSION = 5.0;
				TARGETED_DEVICE_FAMILY = "1,2";
			};
			name = Release;
		};
/* End XCBuildConfiguration section */

/* Begin XCConfigurationList section */
		52F5FDB7284655F400B1E36D /* Build configuration list for PBXProject "SportsApp" */ = {
			isa = XCConfigurationList;
			buildConfigurations = (
				52F5FDD1284655F800B1E36D /* Debug */,
				52F5FDD2284655F800B1E36D /* Release */,
			);
			defaultConfigurationIsVisible = 0;
			defaultConfigurationName = Release;
		};
		52F5FDD3284655F800B1E36D /* Build configuration list for PBXNativeTarget "SportsApp" */ = {
			isa = XCConfigurationList;
			buildConfigurations = (
				52F5FDD4284655F800B1E36D /* Debug */,
				52F5FDD5284655F800B1E36D /* Release */,
			);
			defaultConfigurationIsVisible = 0;
			defaultConfigurationName = Release;
		};
/* End XCConfigurationList section */

/* Begin XCRemoteSwiftPackageReference section */
		5215F5DD284658AA0089DF85 /* XCRemoteSwiftPackageReference "PureLayout" */ = {
			isa = XCRemoteSwiftPackageReference;
			repositoryURL = "https://github.com/PureLayout/PureLayout.git";
			requirement = {
				branch = master;
				kind = branch;
			};
		};
/* End XCRemoteSwiftPackageReference section */

/* Begin XCSwiftPackageProductDependency section */
		5215F5DE284658AA0089DF85 /* PureLayout */ = {
			isa = XCSwiftPackageProductDependency;
			package = 5215F5DD284658AA0089DF85 /* XCRemoteSwiftPackageReference "PureLayout" */;
			productName = PureLayout;
		};
/* End XCSwiftPackageProductDependency section */

/* Begin XCVersionGroup section */
		52F5FDC8284655F400B1E36D /* SportsApp.xcdatamodeld */ = {
			isa = XCVersionGroup;
			children = (
				52F5FDC9284655F400B1E36D /* SportsApp.xcdatamodel */,
			);
			currentVersion = 52F5FDC9284655F400B1E36D /* SportsApp.xcdatamodel */;
			path = SportsApp.xcdatamodeld;
			sourceTree = "<group>";
			versionGroupType = wrapper.xcdatamodel;
		};
/* End XCVersionGroup section */
	};
	rootObject = 52F5FDB4284655F400B1E36D /* Project object */;
}
